<?xml version="1.0" encoding="utf-8"?>
<Project ToolsVersion="4.0" xmlns="http://schemas.microsoft.com/developer/msbuild/2003">
  <ItemGroup>
    <Filter Include="Source Files">
      <UniqueIdentifier>{4FC737F1-C7A5-4376-A066-2A32D752A2FF}</UniqueIdentifier>
      <Extensions>cpp;c;cc;cxx;def;odl;idl;hpj;bat;asm;asmx</Extensions>
    </Filter>
    <Filter Include="Source Files\vst2.x">
      <UniqueIdentifier>{8ea1b9e0-4015-4be7-9296-245cf9072430}</UniqueIdentifier>
    </Filter>
    <Filter Include="Source Files\vstgui">
      <UniqueIdentifier>{75c0853a-335c-411e-9d9d-0aaad3a2f5fe}</UniqueIdentifier>
    </Filter>
    <Filter Include="Interfaces">
      <UniqueIdentifier>{8726e0d7-bc47-47a3-a184-0830948ea2cb}</UniqueIdentifier>
    </Filter>
  </ItemGroup>
  <ItemGroup>
    <ClCompile Include="..\adelay.cpp">
      <Filter>Source Files</Filter>
    </ClCompile>
    <ClCompile Include="H:\Other\COSC4P98\VST_SDK_24\VST SDK\vst_sdk2_4_rev2\vstsdk2.4\public.sdk\source\vst2.x\audioeffectx.cpp">
      <Filter>Source Files\vst2.x</Filter>
    </ClCompile>
    <ClCompile Include="H:\Other\COSC4P98\VST_SDK_24\VST SDK\vst_sdk2_4_rev2\vstsdk2.4\public.sdk\source\vst2.x\vstplugmain.cpp">
      <Filter>Source Files\vst2.x</Filter>
    </ClCompile>
    <ClCompile Include="H:\Other\COSC4P98\VST_SDK_24\VST SDK\vst_sdk2_4_rev2\vstsdk2.4\public.sdk\source\vst2.x\audioeffect.cpp">
      <Filter>Source Files\vst2.x</Filter>
    </ClCompile>
    <ClCompile Include="H:\Other\COSC4P98\VST_SDK_24\VST SDK\vst_sdk2_4_rev2\vstsdk2.4\vstgui.sf\vstgui\aeffguieditor.cpp">
      <Filter>Source Files\vstgui</Filter>
    </ClCompile>
    <ClCompile Include="H:\Other\COSC4P98\VST_SDK_24\VST SDK\vst_sdk2_4_rev2\vstsdk2.4\vstgui.sf\vstgui\vstcontrols.cpp">
      <Filter>Source Files\vstgui</Filter>
    </ClCompile>
    <ClCompile Include="H:\Other\COSC4P98\VST_SDK_24\VST SDK\vst_sdk2_4_rev2\vstsdk2.4\vstgui.sf\vstgui\vstgui.cpp">
      <Filter>Source Files\vstgui</Filter>
    </ClCompile>
    <ClCompile Include="..\editor\sdeditor.cpp">
      <Filter>Source Files</Filter>
    </ClCompile>
    <ClCompile Include="..\surrounddelay.cpp">
      <Filter>Source Files</Filter>
    </ClCompile>
  </ItemGroup>
  <ItemGroup>
    <ClInclude Include="..\adelay.h">
      <Filter>Source Files</Filter>
    </ClInclude>
    <ClInclude Include="..\..\..\..\..\pluginterfaces\vst2.x\aeffect.h">
      <Filter>Interfaces</Filter>
    </ClInclude>
    <ClInclude Include="..\..\..\..\..\pluginterfaces\vst2.x\aeffectx.h">
      <Filter>Interfaces</Filter>
    </ClInclude>
    <ClInclude Include="..\..\..\..\..\pluginterfaces\vst2.x\vstfxstore.h">
      <Filter>Interfaces</Filter>
    </ClInclude>
    <ClInclude Include="H:\Other\COSC4P98\VST_SDK_24\VST SDK\vst_sdk2_4_rev2\vstsdk2.4\public.sdk\source\vst2.x\audioeffect.h">
      <Filter>Source Files\vst2.x</Filter>
    </ClInclude>
    <ClInclude Include="H:\Other\COSC4P98\VST_SDK_24\VST SDK\vst_sdk2_4_rev2\vstsdk2.4\public.sdk\source\vst2.x\audioeffectx.h">
      <Filter>Source Files\vst2.x</Filter>
    </ClInclude>
    <ClInclude Include="H:\Other\COSC4P98\VST_SDK_24\VST SDK\vst_sdk2_4_rev2\vstsdk2.4\public.sdk\source\vst2.x\aeffeditor.h">
      <Filter>Source Files\vst2.x</Filter>
    </ClInclude>
    <ClInclude Include="H:\Other\COSC4P98\VST_SDK_24\VST SDK\vst_sdk2_4_rev2\vstsdk2.4\vstgui.sf\vstgui\vstgui.h">
      <Filter>Source Files\vstgui</Filter>
    </ClInclude>
    <ClInclude Include="H:\Other\COSC4P98\VST_SDK_24\VST SDK\vst_sdk2_4_rev2\vstsdk2.4\vstgui.sf\vstgui\aeffguieditor.h">
      <Filter>Source Files\vstgui</Filter>
    </ClInclude>
    <ClInclude Include="H:\Other\COSC4P98\VST_SDK_24\VST SDK\vst_sdk2_4_rev2\vstsdk2.4\vstgui.sf\vstgui\vstcontrols.h">
      <Filter>Source Files\vstgui</Filter>
    </ClInclude>
    <ClInclude Include="..\editor\sdeditor.h">
      <Filter>Source Files</Filter>
    </ClInclude>
    <ClInclude Include="..\surrounddelay.h">
      <Filter>Source Files</Filter>
    </ClInclude>
  </ItemGroup>
  <ItemGroup>
    <ResourceCompile Include="..\editor\resources\surrounddelay.rc">
      <Filter>Source Files</Filter>
    </ResourceCompile>
  </ItemGroup>
</Project>